
Microsoft Visual Studio Solution File, Format Version 12.00
# Visual Studio 14
VisualStudioVersion = 14.0.25420.1
MinimumVisualStudioVersion = 10.0.40219.1
Project("{FAE04EC0-301F-11D3-BF4B-00C04F79EFBC}") = "SearchEngine", "SearchEngine\SearchEngine.csproj", "{972B91DE-EDF2-4921-AE05-449C3501210B}"
EndProject
Project("{FAE04EC0-301F-11D3-BF4B-00C04F79EFBC}") = "SearchEngine.Tests", "SearchEngine.Tests\SearchEngine.Tests.csproj", "{4D4D133B-96BB-430F-A1FB-55ECEE7364C7}"
EndProject
Global
	GlobalSection(SolutionConfigurationPlatforms) = preSolution
		Debug|Any CPU = Debug|Any CPU
		Release|Any CPU = Release|Any CPU
	EndGlobalSection
	GlobalSection(ProjectConfigurationPlatforms) = postSolution
		{972B91DE-EDF2-4921-AE05-449C3501210B}.Debug|Any CPU.ActiveCfg = Debug|Any CPU
		{972B91DE-EDF2-4921-AE05-449C3501210B}.Debug|Any CPU.Build.0 = Debug|Any CPU
		{972B91DE-EDF2-4921-AE05-449C3501210B}.Release|Any CPU.ActiveCfg = Release|Any CPU
		{972B91DE-EDF2-4921-AE05-449C3501210B}.Release|Any CPU.Build.0 = Release|Any CPU
		{4D4D133B-96BB-430F-A1FB-55ECEE7364C7}.Debug|Any CPU.ActiveCfg = Debug|Any CPU
		{4D4D133B-96BB-430F-A1FB-55ECEE7364C7}.Debug|Any CPU.Build.0 = Debug|Any CPU
		{4D4D133B-96BB-430F-A1FB-55ECEE7364C7}.Release|Any CPU.ActiveCfg = Release|Any CPU
		{4D4D133B-96BB-430F-A1FB-55ECEE7364C7}.Release|Any CPU.Build.0 = Release|Any CPU
	EndGlobalSection
	GlobalSection(SolutionProperties) = preSolution
		HideSolutionNode = FALSE
	EndGlobalSection
EndGlobal
